cloud.google.com/go v0.26.0/go.mod h1:aQUYkXzVsufM+DwF1aE+0xfcU+56JwCaLick0ClmMTw=
github.com/DataDog/datadog-go v0.0.0-20160822161430-909c02b65dd8 h1:7T79RFRem+xVB8xS/08wxRy/If/gxevsNlse415HVxg=
github.com/DataDog/datadog-go v0.0.0-20160822161430-909c02b65dd8/go.mod h1:LButxg5PwREeZtORoXG3tL4fMGNddJ+vMq1mwgfaqoQ=
github.com/Microsoft/go-winio v0.0.0-20170113001240-307e919c6636 h1:peW4FsEQh603gjGX9dnNUI5PkM8UvlQugW/CxiHJlWI=
github.com/Microsoft/go-winio v0.0.0-20170113001240-307e919c6636/go.mod h1:VhR8bwka0BXejwEJY73c50VrPtXAaKcyvVC4A4RozmA=
github.com/Sirupsen/logrus v0.11.0 h1:e67CSCQN/h7Iozb0J2qUoCFldk79UIoPL8FbzsW0r0U=
github.com/Sirupsen/logrus v0.11.0/go.mod h1:rmk17hk6i8ZSAJkSDa7nOxamrG+SP4P0mm+DAvExv4U=
github.com/alecthomas/assert v0.0.0-20170929043011-405dbfeb8e38 h1:smF2tmSOzy2Mm+0dGI2AIUHY+w0BUc+4tn40djz7+6U=
github.com/alecthomas/assert v0.0.0-20170929043011-405dbfeb8e38/go.mod h1:r7bzyVFMNntcxPZXK3/+KdruV1H5KSlyVY0gc+NgInI=
github.com/alecthomas/colour v0.0.0-20160524082231-60882d9e2721 h1:JHZL0hZKJ1VENNfmXvHbgYlbUOvpzYzvy2aZU5gXVeo=
github.com/alecthomas/colour v0.0.0-20160524082231-60882d9e2721/go.mod h1:QO9JBoKquHd+jz9nshCh40fOfO+JzsoXy8qTHF68zU0=
github.com/alecthomas/repr v0.0.0-20181024024818-d37bc2a10ba1 h1:GDQdwm/gAcJcLAKQQZGOJ4knlw+7rfEQQcmwTbt4p5E=
github.com/alecthomas/repr v0.0.0-20181024024818-d37bc2a10ba1/go.mod h1:xTS7Pm1pD1mvyM075QCDSRqH6qRLXylzS24ZTpRiSzQ=
github.com/alecthomas/template v0.0.0-20150530000104-b867cc6ab45c h1:WuIar4doi9p1AKcJ3oDihD5JFxEMj2sxLCQsdx4DxGo=
github.com/alecthomas/template v0.0.0-20150530000104-b867cc6ab45c/go.mod h1:LOuyumcjzFXgccqObfd/Ljyb9UuFJ6TxHnclSeseNhc=
github.com/alecthomas/units v0.0.0-20150109002421-6b4e7dc5e314 h1:NWdGjCRUTTqEqDwJRojRLiwXDW1ZJM2DSiyGfBWx874=
github.com/alecthomas/units v0.0.0-20150109002421-6b4e7dc5e314/go.mod h1:ybxpYRFXyAe+OPACYpWeL0wqObRcbAqCMya13uyzqw0=
github.com/anthonybishopric/gotcha v0.0.0-20141021013529-584121597f0f h1:fZF+pA7312c7R9N48PA9DparNpQld8j3369pC3Jfa5k=
github.com/anthonybishopric/gotcha v0.0.0-20141021013529-584121597f0f/go.mod h1:sDHdj0UUi6vaQLjuMvbc/wHWS9IxjemAmS0iBWUTOrc=
github.com/armon/circbuf v0.0.0-20150827004946-bbbad097214e h1:QEF07wC0T1rKkctt1RINW/+RMTVmiwxETico2l3gxJA=
github.com/armon/circbuf v0.0.0-20150827004946-bbbad097214e/go.mod h1:3U/XgcO3hCbHZ8TKRvWD2dDTCfh9M9ya+I9JpbB7O8o=
github.com/armon/go-metrics v0.0.0-20160717043458-3df31a1ada83 h1:WRzocQR0FF7Hlsw5697z1p0NRN6SjEdY+nUftdaY7ZA=
github.com/armon/go-metrics v0.0.0-20160717043458-3df31a1ada83/go.mod h1:Q73ZrmVTwzkszR9V5SSuryQ31EELlFMUz1kKyl939pY=
github.com/armon/go-radix v0.0.0-20160115234725-4239b77079c7 h1:MBXhrxjNkjdqJysfNbKMMPFNXlz6EzpOnPcsoYBeD3E=
github.com/armon/go-radix v0.0.0-20160115234725-4239b77079c7/go.mod h1:ufUuZ+zHj4x4TnLV4JWEpy2hxWSpsRywHrMgIH9cCH8=
github.com/bgentry/speakeasy v0.0.0-20160520232610-e1439544d8ec h1:dlldhcw0vFByzcKnY8U4n7hME0cLVeUNwiDIcbZMxRY=
github.com/bgentry/speakeasy v0.0.0-20160520232610-e1439544d8ec/go.mod h1:+zsyZBPWlz7T6j88CTgSN5bM796AkVf0kBD4zp0CCIs=
github.com/boltdb/bolt v1.2.1 h1:dqty3m0dX4pwSiqpaNlLlaVw33YmC0NWCVpo4PJmxyA=
github.com/boltdb/bolt v1.2.1/go.mod h1:clJnj/oiGkjum5o1McbSZDSLxVThjynRyGBgiAx27Ps=
github.com/circonus-labs/circonus-gometrics v0.0.0-20160722172710-a7c30e0dcc6e h1:s3AhJFvI6pmPKXuEF9vrv+S3gNcZGRltCBOKiVVkqvI=
github.com/circonus-labs/circonus-gometrics v0.0.0-20160722172710-a7c30e0dcc6e/go.mod h1:nmEj6Dob7S7YxXgwXpfOuvO54S+tGdZdw9fuRZt25Ag=
github.com/circonus-labs/circonusllhist v0.0.0-20160526043813-d724266ae527 h1:g5Ns3zGpLJ0T+1YJ0d3VVPrlMMyFHXV4x82xNgIT9z0=
github.com/circonus-labs/circonusllhist v0.0.0-20160526043813-d724266ae527/go.mod h1:kMXHVDlOchFAehlya5ePtbp5jckzBHf4XRpQvBOLI+I=
github.com/client9/misspell v0.3.4/go.mod h1:qj6jICC3Q7zFZvVWo7KLAzC3yx5G7kyvSDkc90ppPyw=
github.com/davecgh/go-spew v1.1.0 h1:ZDRjVQ15GmhC3fiQ8ni8+OwkZQO4DARzQgrnXU1Liz8=
github.com/davecgh/go-spew v1.1.0/go.mod h1:J7Y8YcW2NihsgmVo/mv3lAwl/skON4iLHjSsI+c5H38=
github.com/docker/distribution v0.0.0-20170127234254-fb0bebc4b64e h1:9Mp/ZOqphD88GtV37GduuSA/rPQlJUZixRfTzKnqCEw=
github.com/docker/distribution v0.0.0-20170127234254-fb0bebc4b64e/go.mod h1:J2gT2udsDAN96Uj4KfcMRqY0/ypR+oyYUYmja8H+y+w=
github.com/docker/docker v0.0.0-20170504205632-89658bed64c2 h1:kHRF20b5JAKgm0QPXsIlq7y0YfkcwORvqo6489vlVfo=
github.com/docker/docker v0.0.0-20170504205632-89658bed64c2/go.mod h1:eEKB0N0r5NX/I1kEveEz05bcu8tLC/8azJZsviup8Sk=
github.com/docker/go-connections v0.0.0-20170101210128-eb315e364153 h1:A7ofxgC9/VlD5fzgfAy3bmlWysd+zfJ8pegPxsvJoNE=
github.com/docker/go-connections v0.0.0-20170101210128-eb315e364153/go.mod h1:Gbd7IOopHjR8Iph03tsViu4nIes5XhDvyHbTtUxmeec=
github.com/docker/go-units v0.0.0-20160802145505-eb879ae3e2b8 h1:HSkg5l/3VJfZdnGJhCep4DZuGXknplHnE6WAb8pQxZE=
github.com/docker/go-units v0.0.0-20160802145505-eb879ae3e2b8/go.mod h1:fgPhTUdO+D/Jk86RDLlptpiXQzgHJF7gydDDbaIK4Dk=
github.com/docker/libtrust v0.0.0-20160708172513-aabc10ec26b7 h1:UhxFibDNY/bfvqU5CAUmr9zpesgbU6SWc8/B4mflAE4=
github.com/docker/libtrust v0.0.0-20160708172513-aabc10ec26b7/go.mod h1:cyGadeNEkKy96OOhEzfZl+yxihPEzKnqJwvfuSUqbZE=
github.com/elazarl/go-bindata-assetfs v0.0.0-20160803192304-e1a2a7ec64b0 h1:ZoRgc53qJCfSLimXqJDrmBhnt5GChDsExMCK7t48o0Y=
github.com/elazarl/go-bindata-assetfs v0.0.0-20160803192304-e1a2a7ec64b0/go.mod h1:v+YaWX3bdea5J/mo8dSETolEo7R71Vk1u8bnjau5yw4=
github.com/fsouza/go-dockerclient v0.0.0-20160809012447-a53ba79627e8 h1:VocrC2EWfR7gdoDTOv3oRMUNtPhSyOx0mLSQIhKX8O4=
github.com/fsouza/go-dockerclient v0.0.0-20160809012447-a53ba79627e8/go.mod h1:KpcjM623fQYE9MZiTGzKhjfxXAV9wbyX2C1cyRHfhl0=
github.com/golang/glog v0.0.0-20160126235308-23def4e6c14b h1:VKtxabqXZkF25pY9ekfRL6a582T4P37/31XEstQ5p58=
github.com/golang/glog v0.0.0-20160126235308-23def4e6c14b/go.mod h1:SBH7ygxi8pfUlaOkMMuAQtPIUF8ecWP5IEl/CR7VP2Q=
github.com/golang/lint v0.0.0-20180702182130-06c8688daad7/go.mod h1:tluoj9z5200jBnyusfRPU2LqT6J+DAorxEvtC7LHB+E=
github.com/golang/mock v1.1.1/go.mod h1:oTYuIxOrZwtPieC+H1uAHpcLFnEyAGVDL/k47Jfbm0A=
github.com/golang/protobuf v1.2.0 h1:P3YflyNX/ehuJFLhxviNdFxQPkGK5cDcApsge1SqnvM=
github.com/golang/protobuf v1.2.0/go.mod h1:6lQm79b+lXiMfvg/cZm0SGofjICqVBUtrP5yJMmIC1U=
github.com/gorilla/context v0.0.0-20160226214623-1ea25387ff6f h1:9oNbS1z4rVpbnkHBdPZU4jo9bSmrLpII768arSyMFgk=
github.com/gorilla/context v0.0.0-20160226214623-1ea25387ff6f/go.mod h1:kBGZzfjB9CEq2AlWe17Uuf7NDRt0dE0s8S51q0aT7Yg=
github.com/gorilla/mux v0.0.0-20160317213430-0eeaf8392f5b h1:4OcRAUBSclcjVrZ8n7/pl9iWUx7JXw4Mj6bww0ZlBhE=
github.com/gorilla/mux v0.0.0-20160317213430-0eeaf8392f5b/go.mod h1:1lud6UwP+6orDFRuTfBEV8e9/aOM/c4fVVCaMa2zaAs=
github.com/hashicorp/consul v0.7.0 h1:XY/IAdeDwXsjfvcD7ZwwbQ+WXFCpJDUDWfZ76WaLIYQ=
github.com/hashicorp/consul v0.7.0/go.mod h1:mFrjN1mfidgJfYP1xrJCF+AfRhr6Eaqhb2+sfyn/OOI=
github.com/hashicorp/errwrap v0.0.0-20141028054710-7554cd9344ce h1:prjrVgOk2Yg6w+PflHoszQNLTUh4kaByUcEWM/9uin4=
github.com/hashicorp/errwrap v0.0.0-20141028054710-7554cd9344ce/go.mod h1:YH+1FKiLXxHSkmPseP+kNlulaMuP3n2brvKWEqk/Jc4=
github.com/hashicorp/go-checkpoint v0.0.0-20151022181514-e4b2dc34c0f6 h1:AtbitMgXw5kvWVERPV6HyE/NyBT4LSKnmqnKUmvT+6c=
github.com/hashicorp/go-checkpoint v0.0.0-20151022181514-e4b2dc34c0f6/go.mod h1:xIwEieBHERyEvaeKF/TcHh1Hu+lxPM+n2vT1+g9I4m4=
github.com/hashicorp/go-cleanhttp v0.0.0-20160407174126-ad28ea4487f0 h1:2l0haPDqCzZEO160UR5DSrrl8RWptFCoxFsSbRLJBaI=
github.com/hashicorp/go-cleanhttp v0.0.0-20160407174126-ad28ea4487f0/go.mod h1:JpRdi6/HCYpAwUzNwuwqhbovhLtngrth3wmdIIUrZ80=
github.com/hashicorp/go-immutable-radix v0.0.0-20160609020529-afc5a0dbb18a h1:uFv5ChkOcL0wdJ6nwlzehBKWlBTEgcg1rFN46RlCAHA=
github.com/hashicorp/go-immutable-radix v0.0.0-20160609020529-afc5a0dbb18a/go.mod h1:6ij3Z20p+OhOkCSrA0gImAWoHYQRGbnlcuk6XYTiaRw=
github.com/hashicorp/go-memdb v0.0.0-20160301230142-98f52f52d7a4 h1:boEQt+mxfODta1GzcW0A37gLkctR60a4O8onbctKlyM=
github.com/hashicorp/go-memdb v0.0.0-20160301230142-98f52f52d7a4/go.mod h1:kbfItVoBJwCfKXDXN4YoAXjxcFVZ7MRrJzyTX6H4giE=
github.com/hashicorp/go-msgpack v0.0.0-20150518234257-fa3f63826f7c h1:BTAbnbegUIMB6xmQCwWE8yRzbA4XSpnZY5hvRJC188I=
github.com/hashicorp/go-msgpack v0.0.0-20150518234257-fa3f63826f7c/go.mod h1:ahLV/dePpqEmjfWmKiqvPkv/twdG7iPBM1vqhUKIvfM=
github.com/hashicorp/go-multierror v0.0.0-20150916205742-d30f09973e19 h1:gb61U/o4ZJ6TRYvZqJUKYidIhJOEAvNyVMesryROxAY=
github.com/hashicorp/go-multierror v0.0.0-20150916205742-d30f09973e19/go.mod h1:JMRHfdO9jKNzS/+BTlxCjKNQHg/jZAft8U7LloJvN7I=
github.com/hashicorp/go-reap v0.0.0-20160113172555-2d85522212dc h1:mjFfSJVUyeZ2Flscapihf4uuytFNbWoq38H/ptm034g=
github.com/hashicorp/go-reap v0.0.0-20160113172555-2d85522212dc/go.mod h1:qIFzeFcJU3OIFk/7JreWXcUjFmcCaeHTH9KoNyHYVCs=
github.com/hashicorp/go-retryablehttp v0.0.0-20160718233441-886ce0458bc8 h1:X/0GoKB0jMCh+ZwYqRE7ynJ6ola2y6uRY6U0Ft8/T6I=
github.com/hashicorp/go-retryablehttp v0.0.0-20160718233441-886ce0458bc8/go.mod h1:fXcdFsQoipQa7mwORhKad5jmDCeSy/RCGzWA08PO0lM=
github.com/hashicorp/go-syslog v0.0.0-20150218181946-42a2b573b664 h1:+tr+FpqBDH6/ke6DsQBghQysHXsS+nwlcEVtlzFFkcM=
github.com/hashicorp/go-syslog v0.0.0-20150218181946-42a2b573b664/go.mod h1:qPfqrKkXGihmCqbJM2mZgkZGvKG1dFdvsLplgctolz4=
github.com/hashicorp/go-uuid v0.0.0-20160717022140-64130c7a86d7 h1:w8czuEDeFZo7CdZ2APLO24tTbjzO4cNXTfCkBdtU+wg=
github.com/hashicorp/go-uuid v0.0.0-20160717022140-64130c7a86d7/go.mod h1:6SBZvOh/SIDV7/2o3Jml5SYk/TvGqwFJ/bN7x4byOro=
github.com/hashicorp/golang-lru v0.0.0-20160207214719-a0d98a5f2880 h1:OaRuzt9oCKNui8cCskZijoKUwe+aCuuCwvx1ox8FNyw=
github.com/hashicorp/golang-lru v0.0.0-20160207214719-a0d98a5f2880/go.mod h1:/m3WP610KZHVQ1SGc6re/UDhFvYD7pJ4Ao+sR/qLZy8=
github.com/hashicorp/hcl v0.0.0-20160711231752-d8c773c4cba1 h1:9j16AiR0R5hDbDBMzfUfIP9CUbbw6T8nYN4iZz3/wjg=
github.com/hashicorp/hcl v0.0.0-20160711231752-d8c773c4cba1/go.mod h1:oZtUIOe8dh44I2q6ScRibXws4Ajl+d+nod3AaR9vL5w=
github.com/hashicorp/hil v0.0.0-20160711231837-1e86c6b523c5 h1:uk280DXEbQiCOZgCOI3elFSeNxf8YIZiNsbr2pQLYD0=
github.com/hashicorp/hil v0.0.0-20160711231837-1e86c6b523c5/go.mod h1:KHvg/R2/dPtaePb16oW4qIyzkMxXOL38xjRN64adsts=
github.com/hashicorp/logutils v0.0.0-20150609070431-0dc08b1671f3 h1:oD64EFjELI9RY9yoWlfua58r+etdnoIC871z+rr6lkA=
github.com/hashicorp/logutils v0.0.0-20150609070431-0dc08b1671f3/go.mod h1:QIAnNjmIWmVIIkWDTG1z5v++HQmx9WQRO+LraFDTW64=
github.com/hashicorp/memberlist v0.0.0-20160812182757-0c5ba075f852 h1:jWvEcY8OZgcpVVXN9pgNSkS5VfzXj2StJa/BO8JjIDk=
github.com/hashicorp/memberlist v0.0.0-20160812182757-0c5ba075f852/go.mod h1:ncdBp14cuox2iFOq3kDiquKU6fqsTBc3W6JvZwjxxsE=
github.com/hashicorp/net-rpc-msgpackrpc v0.0.0-20151116020338-a14192a58a69 h1:lc3c72qGlIMDqQpQH82Y4vaglRMMFdJbziYWriR4UcE=
github.com/hashicorp/net-rpc-msgpackrpc v0.0.0-20151116020338-a14192a58a69/go.mod h1:/z+jUGRBlwVpUZfjute9jWaF6/HuhjuFQuL1YXzVD1Q=
github.com/hashicorp/raft v0.0.0-20160801212718-c69c15dd73b6 h1:dsweGZXTAk48JJvTNpLnGXvA2HrYl/3473US7993jjE=
github.com/hashicorp/raft v0.0.0-20160801212718-c69c15dd73b6/go.mod h1:DVSAWItjLjTOkVbSpWQ0j0kUADIvDaCtBxIcbNAQLkI=
github.com/hashicorp/raft-boltdb v0.0.0-20150201200839-d1e82c1ec3f1 h1:LHTrLUnNkk+2YkO5EMG49q0lHdR9AZhDbCpu0+M3e0E=
github.com/hashicorp/raft-boltdb v0.0.0-20150201200839-d1e82c1ec3f1/go.mod h1:pNv7Wc3ycL6F5oOWn+tPGo2gWD4a5X+yp/ntwdKLjRk=
github.com/hashicorp/scada-client v0.0.0-20160601224023-6e896784f66f h1:TG1kwuyGdsYBhysicoYEr4jF3TyJTkMjRuP9URAtg2E=
github.com/hashicorp/scada-client v0.0.0-20160601224023-6e896784f66f/go.mod h1:Dnz/R4UwBp1xXX9C6PyknRwjePJyS9j7LmUO1zuLfP8=
github.com/hashicorp/serf v0.0.0-20160809014204-114430d82108 h1:9R+6d0ZJkPtiPkZtFaSvX4FhPon37BRi+NjvAHqRT24=
github.com/hashicorp/serf v0.0.0-20160809014204-114430d82108/go.mod h1:h/Ru6tmZazX7WO/GDmwdpS975F019L4t5ng5IgwbNrE=
github.com/hashicorp/uuid v0.0.0-20160311170451-ebb0a03e909c h1:nQcv325vxv2fFHJsOt53eSRf1eINt6vOdYUFfXs4rgk=
github.com/hashicorp/uuid v0.0.0-20160311170451-ebb0a03e909c/go.mod h1:fHzc09UnyJyqyW+bFuq864eh+wC7dj65aXmXLRe5to0=
github.com/hashicorp/yamux v0.0.0-20160720233140-d1caa6c97c9f h1:K4RDeor/qhbs5ETM85SN8xekXkk+KkOBclNXXM8+UR0=
github.com/hashicorp/yamux v0.0.0-20160720233140-d1caa6c97c9f/go.mod h1:+NfK9FKeTrX5uv1uIXGdwYDTeHna2qgaIlx54MXqjAM=
github.com/kisielk/gotool v1.0.0/go.mod h1:XhKaO+MFFWcvkIS/tQcRk01m1F5IRFswLeQ+oQHNcck=
github.com/kr/pretty v0.1.0 h1:L/CwN0zerZDmRFUapSPitk6f+Q3+0za1rQkzVuMiMFI=
github.com/kr/pretty v0.1.0/go.mod h1:dAy3ld7l9f0ibDNOQOHHMYYIIbhfbHSm3C4ZsoJORNo=
github.com/kr/pty v1.1.1/go.mod h1:pFQYn66WHrOpPYNljwOMqo10TkYh1fy3cYio2l3bCsQ=
github.com/kr/text v0.1.0 h1:45sCR5RtlFHMR4UwH9sdQ5TC8v0qDQCHnXt+kaKSTVE=
github.com/kr/text v0.1.0/go.mod h1:4Jbv+DJW3UT/LiOwJeYQe1efqtUx/iVham/4vfdArNI=
github.com/mattn/go-isatty v0.0.0-20160806122752-66b8e73f3f5c h1:3nKFouDdpgGUV/uerJcYWH45ZbJzX0SiVWfTgmUeTzc=
github.com/mattn/go-isatty v0.0.0-20160806122752-66b8e73f3f5c/go.mod h1:M+lRXTBqGeGNdLjl/ufCoiOlB5xdOkqRJdNxMWT7Zi4=
github.com/mattn/go-sqlite3 v0.0.0-20161028142218-86681de00ade h1:hg+bhRH1ARSeah7OZYMcFm/56MDFEJaZ2e91HsdXHbU=
github.com/mattn/go-sqlite3 v0.0.0-20161028142218-86681de00ade/go.mod h1:FPy6KqzDD04eiIsT53CuJW3U88zkxoIYsOqkbpncsNc=
github.com/miekg/dns v0.0.0-20160726032027-db96a2b759cd h1:CeapLRDOCwa+mOTigsBvhGS0TfEN8VchyBnh3f6QFtY=
github.com/miekg/dns v0.0.0-20160726032027-db96a2b759cd/go.mod h1:W1PPwlIAgtquWBMBEV9nkV9Cazfe8ScdGz/Lj7v3Nrg=
github.com/mitchellh/cli v0.0.0-20160323170700-168daae10d6f h1:DsEsKPvh5WP5dwpU5a8CQE1pv4PWLSuA1A4RlEvitsQ=
github.com/mitchellh/cli v0.0.0-20160323170700-168daae10d6f/go.mod h1:oGumspjLm2kTyiT1QMGpFqRlmxnKHfCvhZEVnx+5UeE=
github.com/mitchellh/copystructure v0.0.0-20160804032330-cdac8253d00f h1:UG6JHofOxDd6ldL+TCAM+z0LXBB1cbXny7qG4G/FjF0=
github.com/mitchellh/copystructure v0.0.0-20160804032330-cdac8253d00f/go.mod h1:eOsF2yLPlBBJPvD+nhl5QMTBSOBbOph6N7j/IDUw7PY=
github.com/mitchellh/mapstructure v0.0.0-20160808181253-ca63d7c062ee h1:kK7VuFVykgt0LfMSloWYjDOt4TnOcL0AxF0/rDq2VkM=
github.com/mitchellh/mapstructure v0.0.0-20160808181253-ca63d7c062ee/go.mod h1:FVVH3fgwuzCH5S8UJGiWEs2h04kUh9fWfEaFds41c1Y=
github.com/mitchellh/reflectwalk v0.0.0-20150527153153-eecf4c70c626 h1:88u9H4mNODBcQUwlNpl6+jBhdoYT3WSi0w4hpYaYZ/o=
github.com/mitchellh/reflectwalk v0.0.0-20150527153153-eecf4c70c626/go.mod h1:mSTlrgnPZtwu0c4WaC2kGObEpuNDbx0jmZXqmk4esnw=
github.com/opencontainers/go-digest v1.0.0-rc1 h1:WzifXhOVOEOuFYOJAW6aQqW0TooG2iki3E3Ii+WN7gQ=
github.com/opencontainers/go-digest v1.0.0-rc1/go.mod h1:cMLVZDEM3+U2I4VmLI6N8jQYUd2OVphdqWwCJHrFt2s=
github.com/opencontainers/runc v0.0.0-20160809122204-0f764571384a h1:67cxQ2rmsCWGKhY7q5NWVZBL0QojNHG8c4PMh9DMIP0=
github.com/opencontainers/runc v0.0.0-20160809122204-0f764571384a/go.mod h1:qT5XzbpPznkRYVz/mWwUaVBUv2rmF59PVA73FjuZG0U=
github.com/pborman/uuid v0.0.0-20160209185913-a97ce2ca70fa h1:l8VQbMdmwFH37kOOaWQ/cw24/u8AuBz5lUym13Wcu0Y=
github.com/pborman/uuid v0.0.0-20160209185913-a97ce2ca70fa/go.mod h1:VyrYX9gd7irzKovcSS6BIIEwPRkP2Wm2m9ufcdFSJ34=
github.com/pkg/errors v0.0.0-20161029093637-248dadf4e906 h1:aXc/AM323HlkOXjl3QuSO06wbXK45HrzBT+pwVOufXg=
github.com/pkg/errors v0.0.0-20161029093637-248dadf4e906/go.mod h1:bwawxfHBFNV+L2hUp1rHADufV3IMtnDRdf1r5NINEl0=
github.com/pmezard/go-difflib v1.0.0 h1:4DBwDE0NGyQoBHbLQYPwSUPoCMWR5BEzIk/f1lZbAQM=
github.com/pmezard/go-difflib v1.0.0/go.mod h1:iKH77koFhYxTK1pcRnkKkqfTogsbg7gZNVY4sRDYZ/4=
github.com/rcrowley/go-metrics v0.0.0-20161128210544-1f30fe9094a5 h1:gwcdIpH6NU2iF8CmcqD+CP6+1CkRBOhHaPR+iu6raBY=
github.com/rcrowley/go-metrics v0.0.0-20161128210544-1f30fe9094a5/go.mod h1:bCqnVzQkZxMG4s8nGwiZ5l3QUCyqpo9Y+/ZMZ9VjZe4=
github.com/sergi/go-diff v1.0.0 h1:Kpca3qRNrduNnOQeazBd0ysaKrUJiIuISHxogkT9RPQ=
github.com/sergi/go-diff v1.0.0/go.mod h1:0CfEIISq7TuYL3j771MWULgwwjU+GofnZX9QAmXWZgo=
github.com/stretchr/objx v0.1.0/go.mod h1:HFkY916IF+rwdDfMAkV7OtwuqBVzrE8GR6GFx+wExME=
github.com/stretchr/testify v1.3.0 h1:TivCn/peBQ7UY8ooIcPgZFpTNSz0Q2U6UrFlUfqbe0Q=
github.com/stretchr/testify v1.3.0/go.mod h1:M5WIy9Dh21IEIfnGCwXGc5bZfKNJtfHm1UVUgZn+9EI=
golang.org/x/crypto v0.0.0-20170107180030-c3b1d0d6d869 h1:CUWmY5U0X6qWUVy7ZjDrSdavyrqObsMqwhyVLucmw9w=
golang.org/x/crypto v0.0.0-20170107180030-c3b1d0d6d869/go.mod h1:6SG95UA2DQfeDnfUPMdvaQW0Q7yPrPDi9nlGo2tz2b4=
golang.org/x/lint v0.0.0-20180702182130-06c8688daad7/go.mod h1:UVdnD1Gm6xHRNCYTkRU2/jEulfH38KcIWyp/GAMgvoE=
golang.org/x/net v0.0.0-20180826012351-8a410e7b638d/go.mod h1:mL1N/T3taQHkDXs73rZJwtUhF3w3ftmwwsq0BUmARs4=
golang.org/x/net v0.0.0-20181011144130-49bb7cea24b1 h1:Y/KGZSOdz/2r0WJ9Mkmz6NJBusp0kiNx1Cn82lzJQ6w=
golang.org/x/net v0.0.0-20181011144130-49bb7cea24b1/go.mod h1:mL1N/T3taQHkDXs73rZJwtUhF3w3ftmwwsq0BUmARs4=
golang.org/x/oauth2 v0.0.0-20180821212333-d2e6202438be/go.mod h1:N/0e6XlmueqKjAGxoOufVs8QHGRruUQn6yWY3a++T0U=
golang.org/x/sync v0.0.0-20180314180146-1d60e4601c6f h1:wMNYb4v58l5UBM7MYRLPG6ZhfOqbKu7X5eyFl8ZhKvA=
golang.org/x/sync v0.0.0-20180314180146-1d60e4601c6f/go.mod h1:RxMgew5VJxzue5/jJTE5uejpjVlOe/izrB70Jof72aM=
golang.org/x/sys v0.0.0-20180830151530-49385e6e1522 h1:Ve1ORMCxvRmSXBwJK+t3Oy+V2vRW2OetUQBq4rJIkZE=
golang.org/x/sys v0.0.0-20180830151530-49385e6e1522/go.mod h1:STP8DvDyc/dI5b8T5hshtkjS+E42TnysNCUPdjciGhY=
golang.org/x/text v0.3.0 h1:g61tztE5qeGQ89tm6NTjjM9VPIm088od1l6aSorWRWg=
golang.org/x/text v0.3.0/go.mod h1:NqM8EUOU14njkJ3fqMW+pc6Ldnwhi/IjpwHt7yyuwOQ=
golang.org/x/time v0.0.0-20161028155119-f51c12702a4d h1:TnM+PKb3ylGmZvyPXmo9m/wktg7Jn/a/fNmr33HSj8g=
golang.org/x/time v0.0.0-20161028155119-f51c12702a4d/go.mod h1:tRJNPiyCQ0inRvYxbN9jk5I+vvW/OXSQhTDSoE431IQ=
golang.org/x/tools v0.0.0-20180828015842-6cd1fcedba52/go.mod h1:n7NCudcB/nEzxVGmLbDWY5pfWTLqBcC2KZ6jyYvM4mQ=
google.golang.org/appengine v1.1.0 h1:igQkv0AAhEIvTEpD5LIpAfav2eeVO9HBTjvKHVJPRSs=
google.golang.org/appengine v1.1.0/go.mod h1:EbEs0AVv82hx2wNQdGPgUI5lhzA/G0D9YwlJXL52JkM=
google.golang.org/genproto v0.0.0-20180817151627-c66870c02cf8 h1:Nw54tB0rB7hY/N0NQvRW8DG4Yk3Q6T9cu9RcFQDu1tc=
google.golang.org/genproto v0.0.0-20180817151627-c66870c02cf8/go.mod h1:JiN7NxoALGmiZfu7CAH4rXhgtRTLTxftemlI0sWmxmc=
google.golang.org/grpc v1.15.0 h1:Az/KuahOM4NAidTEuJCv/RonAA7rYsTPkqXVjr+8OOw=
google.golang.org/grpc v1.15.0/go.mod h1:0JHn/cJsOMiMfNA9+DeHDlAU7KAAB5GDlYFpa9MZMio=
gopkg.in/alecthomas/kingpin.v2 v2.2.3 h1:/L3oK40poPRwke0Ipa6qqf8n+awu60Vl3DMe+3jLDt4=
gopkg.in/alecthomas/kingpin.v2 v2.2.3/go.mod h1:FMv+mEhP44yOT+4EoQTLFTRgOQ1FBLkstjWtayDeSgw=
gopkg.in/check.v1 v1.0.0-20180628173108-788fd7840127 h1:qIbj1fsPNlZgppZ+VLlY7N33q108Sa+fhmuc+sWQYwY=
gopkg.in/check.v1 v1.0.0-20180628173108-788fd7840127/go.mod h1:Co6ibVJAznAaIkqp8huTwlJQCZ016jof/cbN4VW5Yz0=
gopkg.in/vmihailenco/msgpack.v2 v2.9.1 h1:kb0VV7NuIojvRfzwslQeP3yArBqJHW9tOl4t38VS1jM=
gopkg.in/vmihailenco/msgpack.v2 v2.9.1/go.mod h1:/3Dn1Npt9+MYyLpYYXjInO/5jvMLamn+AEGwNEOatn8=
gopkg.in/yaml.v2 v2.0.0-20160928153709-a5b47d31c556 h1:hKXbLW5oaJoQgs8KrzTLdF4PoHi+0oQPgea9TNtvE3E=
gopkg.in/yaml.v2 v2.0.0-20160928153709-a5b47d31c556/go.mod h1:JAlM8MvJe8wmxCU4Bli9HhUf9+ttbYbLASfIpnQbh74=
honnef.co/go/tools v0.0.0-20180728063816-88497007e858/go.mod h1:rf3lG4BRIbNafJWhAfAdb/ePZxsR/4RtNHQocxwk9r4=
k8s.io/kubernetes v1.2.0-alpha.4 h1:Ftd0LvH6MP+jSdR04NOQdRPIUoysRlDvPDuovKkC4RU=
k8s.io/kubernetes v1.2.0-alpha.4/go.mod h1:ocZa8+6APFNC2tX1DZASIbocyYT5jHzqFVsY5aoB7Jk=
labix.org/v2/mgo v0.0.0-20140701140051-000000000287 h1:L0cnkNl4TfAXzvdrqsYEmxOHOCv2p5I3taaReO8BWFs=
labix.org/v2/mgo v0.0.0-20140701140051-000000000287/go.mod h1:Lg7AYkt1uXJoR9oeSZ3W/8IXLdvOfIITgZnommstyz4=
launchpad.net/gocheck v0.0.0-20140225173054-000000000087 h1:Izowp2XBH6Ya6rv+hqbceQyw/gSGoXfH/UPoTGduL54=
launchpad.net/gocheck v0.0.0-20140225173054-000000000087/go.mod h1:hj7XX3B/0A+80Vse0e+BUHsHMTEhd0O4cpUHr/e/BUM=
